github.com/faustbrian/go-calendar v1.0.0 h1:HQU3duiy7VpYUSp8Mysr9Oqx3h04K1mmT5smwxzVUS4=
github.com/faustbrian/go-calendar v1.0.0/go.mod h1:BgDZIrkEx6CZDebZLlrApN8s47aFdQMc0aRB+ZKXx/s=
github.com/faustbrian/go-rule-engine v1.0.0 h1:el8Dva/1qY3mY/dWFBdPPeIeuvsZE6gjtGjQqxKiAm8=
github.com/faustbrian/go-rule-engine v1.0.0/go.mod h1:EDUFzH7mZdOZ4sMxiOC8BKKu/bTBjmPNlgzLw/hIU88=
github.com/faustbrian/go-temporal v1.0.0 h1:Wbq/91nwOqmbJGzfPvX0dYfCgHWbxoZoUHNL66qpNGo=
github.com/faustbrian/go-temporal v1.0.0/go.mod h1:z6LeTLo1rMao3RuZtbgkQ6BlsN2rp5eLWUvkKUJVAOg=
